// !$*UTF8*$!
{
	archiveVersion = 1;
	classes = {
	};
	objectVersion = 50;
	objects = {

/* Begin PBXBuildFile section */
		D1B91FEB23C799D50029BEC8 /* AppDelegate.swift in Sources */ = {isa = PBXBuildFile; fileRef = D1B91FEA23C799D50029BEC8 /* AppDelegate.swift */; };
		D1B91FED23C799D50029BEC8 /* SceneDelegate.swift in Sources */ = {isa = PBXBuildFile; fileRef = D1B91FEC23C799D50029BEC8 /* SceneDelegate.swift */; };
		D1B91FEF23C799D50029BEC8 /* ViewController.swift in Sources */ = {isa = PBXBuildFile; fileRef = D1B91FEE23C799D50029BEC8 /* ViewController.swift */; };
		D1B91FF223C799D60029BEC8 /* Main.storyboard in Resources */ = {isa = PBXBuildFile; fileRef = D1B91FF023C799D60029BEC8 /* Main.storyboard */; };
		D1B91FF423C799E10029BEC8 /* Assets.xcassets in Resources */ = {isa = PBXBuildFile; fileRef = D1B91FF323C799E10029BEC8 /* Assets.xcassets */; };
		D1B91FF723C799E10029BEC8 /* LaunchScreen.storyboard in Resources */ = {isa = PBXBuildFile; fileRef = D1B91FF523C799E10029BEC8 /* LaunchScreen.storyboard */; };
		D1B9200223C799E10029BEC8 /* Alura_ViagensTests.swift in Sources */ = {isa = PBXBuildFile; fileRef = D1B9200123C799E10029BEC8 /* Alura_ViagensTests.swift */; };
		D1B9200D23C799E10029BEC8 /* Alura_ViagensUITests.swift in Sources */ = {isa = PBXBuildFile; fileRef = D1B9200C23C799E10029BEC8 /* Alura_ViagensUITests.swift */; };
/* End PBXBuildFile section */

/* Begin PBXContainerItemProxy section */
		D1B91FFE23C799E10029BEC8 /* PBXContainerItemProxy */ = {
			isa = PBXContainerItemProxy;
			containerPortal = D1B91FDF23C799D50029BEC8 /* Project object */;
			proxyType = 1;
			remoteGlobalIDString = D1B91FE623C799D50029BEC8;
			remoteInfo = "Alura Viagens";
		};
		D1B9200923C799E10029BEC8 /* PBXContainerItemProxy */ = {
			isa = PBXContainerItemProxy;
			containerPortal = D1B91FDF23C799D50029BEC8 /* Project object */;
			proxyType = 1;
			remoteGlobalIDString = D1B91FE623C799D50029BEC8;
			remoteInfo = "Alura Viagens";
		};
/* End PBXContainerItemProxy section */

/* Begin PBXFileReference section */
		D1B91FE723C799D50029BEC8 /* Alura Viagens.app */ = {isa = PBXFileReference; explicitFileType = wrapper.application; includeInIndex = 0; path = "Alura Viagens.app"; sourceTree = BUILT_PRODUCTS_DIR; };
		D1B91FEA23C799D50029BEC8 /* AppDelegate.swift */ = {isa = PBXFileReference; lastKnownFileType = sourcecode.swift; path = AppDelegate.swift; sourceTree = "<group>"; };
		D1B91FEC23C799D50029BEC8 /* SceneDelegate.swift */ = {isa = PBXFileReference; lastKnownFileType = sourcecode.swift; path = SceneDelegate.swift; sourceTree = "<group>"; };
		D1B91FEE23C799D50029BEC8 /* ViewController.swift */ = {isa = PBXFileReference; lastKnownFileType = sourcecode.swift; path = ViewController.swift; sourceTree = "<group>"; };
		D1B91FF123C799D60029BEC8 /* Base */ = {isa = PBXFileReference; lastKnownFileType = file.storyboard; name = Base; path = Base.lproj/Main.storyboard; sourceTree = "<group>"; };
		D1B91FF323C799E10029BEC8 /* Assets.xcassets */ = {isa = PBXFileReference; lastKnownFileType = folder.assetcatalog; path = Assets.xcassets; sourceTree = "<group>"; };
		D1B91FF623C799E10029BEC8 /* Base */ = {isa = PBXFileReference; lastKnownFileType = file.storyboard; name = Base; path = Base.lproj/LaunchScreen.storyboard; sourceTree = "<group>"; };
		D1B91FF823C799E10029BEC8 /* Info.plist */ = {isa = PBXFileReference; lastKnownFileType = text.plist.xml; path = Info.plist; sourceTree = "<group>"; };
		D1B91FFD23C799E10029BEC8 /* Alura ViagensTests.xctest */ = {isa = PBXFileReference; explicitFileType = wrapper.cfbundle; includeInIndex = 0; path = "Alura ViagensTests.xctest"; sourceTree = BUILT_PRODUCTS_DIR; };
		D1B9200123C799E10029BEC8 /* Alura_ViagensTests.swift */ = {isa = PBXFileReference; lastKnownFileType = sourcecode.swift; path = Alura_ViagensTests.swift; sourceTree = "<group>"; };
		D1B9200323C799E10029BEC8 /* Info.plist */ = {isa = PBXFileReference; lastKnownFileType = text.plist.xml; path = Info.plist; sourceTree = "<group>"; };
		D1B9200823C799E10029BEC8 /* Alura ViagensUITests.xctest */ = {isa = PBXFileReference; explicitFileType = wrapper.cfbundle; includeInIndex = 0; path = "Alura ViagensUITests.xctest"; sourceTree = BUILT_PRODUCTS_DIR; };
		D1B9200C23C799E10029BEC8 /* Alura_ViagensUITests.swift */ = {isa = PBXFileReference; lastKnownFileType = sourcecode.swift; path = Alura_ViagensUITests.swift; sourceTree = "<group>"; };
		D1B9200E23C799E20029BEC8 /* Info.plist */ = {isa = PBXFileReference; lastKnownFileType = text.plist.xml; path = Info.plist; sourceTree = "<group>"; };
/* End PBXFileReference section */

/* Begin PBXFrameworksBuildPhase section */
		D1B91FE423C799D50029BEC8 /* Frameworks */ = {
			isa = PBXFrameworksBuildPhase;
			buildActionMask = 2147483647;
			files = (
			);
			runOnlyForDeploymentPostprocessing = 0;
		};
		D1B91FFA23C799E10029BEC8 /* Frameworks */ = {
			isa = PBXFrameworksBuildPhase;
			buildActionMask = 2147483647;
			files = (
			);
			runOnlyForDeploymentPostprocessing = 0;
		};
		D1B9200523C799E10029BEC8 /* Frameworks */ = {
			isa = PBXFrameworksBuildPhase;
			buildActionMask = 2147483647;
			files = (
			);
			runOnlyForDeploymentPostprocessing = 0;
		};
/* End PBXFrameworksBuildPhase section */

/* Begin PBXGroup section */
		D1B91FDE23C799D50029BEC8 = {
			isa = PBXGroup;
			children = (
				D1B91FE923C799D50029BEC8 /* Alura Viagens */,
				D1B9200023C799E10029BEC8 /* Alura ViagensTests */,
				D1B9200B23C799E10029BEC8 /* Alura ViagensUITests */,
				D1B91FE823C799D50029BEC8 /* Products */,
			);
			sourceTree = "<group>";
		};
		D1B91FE823C799D50029BEC8 /* Products */ = {
			isa = PBXGroup;
			children = (
				D1B91FE723C799D50029BEC8 /* Alura Viagens.app */,
				D1B91FFD23C799E10029BEC8 /* Alura ViagensTests.xctest */,
				D1B9200823C799E10029BEC8 /* Alura ViagensUITests.xctest */,
			);
			name = Products;
			sourceTree = "<group>";
		};
		D1B91FE923C799D50029BEC8 /* Alura Viagens */ = {
			isa = PBXGroup;
			children = (
				D1B91FEA23C799D50029BEC8 /* AppDelegate.swift */,
				D1B91FEC23C799D50029BEC8 /* SceneDelegate.swift */,
				D1B91FEE23C799D50029BEC8 /* ViewController.swift */,
				D1B91FF023C799D60029BEC8 /* Main.storyboard */,
				D1B91FF323C799E10029BEC8 /* Assets.xcassets */,
				D1B91FF523C799E10029BEC8 /* LaunchScreen.storyboard */,
				D1B91FF823C799E10029BEC8 /* Info.plist */,
			);
			path = "Alura Viagens";
			sourceTree = "<group>";
		};
		D1B9200023C799E10029BEC8 /* Alura ViagensTests */ = {
			isa = PBXGroup;
			children = (
				D1B9200123C799E10029BEC8 /* Alura_ViagensTests.swift */,
				D1B9200323C799E10029BEC8 /* Info.plist */,
			);
			path = "Alura ViagensTests";
			sourceTree = "<group>";
		};
		D1B9200B23C799E10029BEC8 /* Alura ViagensUITests */ = {
			isa = PBXGroup;
			children = (
				D1B9200C23C799E10029BEC8 /* Alura_ViagensUITests.swift */,
				D1B9200E23C799E20029BEC8 /* Info.plist */,
			);
			path = "Alura ViagensUITests";
			sourceTree = "<group>";
		};
/* End PBXGroup section */

/* Begin PBXNativeTarget section */
		D1B91FE623C799D50029BEC8 /* Alura Viagens */ = {
			isa = PBXNativeTarget;
			buildConfigurationList = D1B9201123C799E20029BEC8 /* Build configuration list for PBXNativeTarget "Alura Viagens" */;
			buildPhases = (
				D1B91FE323C799D50029BEC8 /* Sources */,
				D1B91FE423C799D50029BEC8 /* Frameworks */,
				D1B91FE523C799D50029BEC8 /* Resources */,
			);
			buildRules = (
			);
			dependencies = (
			);
			name = "Alura Viagens";
			productName = "Alura Viagens";
			productReference = D1B91FE723C799D50029BEC8 /* Alura Viagens.app */;
			productType = "com.apple.product-type.application";
		};
		D1B91FFC23C799E10029BEC8 /* Alura ViagensTests */ = {
			isa = PBXNativeTarget;
			buildConfigurationList = D1B9201423C799E20029BEC8 /* Build configuration list for PBXNativeTarget "Alura ViagensTests" */;
			buildPhases = (
				D1B91FF923C799E10029BEC8 /* Sources */,
				D1B91FFA23C799E10029BEC8 /* Frameworks */,
				D1B91FFB23C799E10029BEC8 /* Resources */,
			);
			buildRules = (
			);
			dependencies = (
				D1B91FFF23C799E10029BEC8 /* PBXTargetDependency */,
			);
			name = "Alura ViagensTests";
			productName = "Alura ViagensTests";
			productReference = D1B91FFD23C799E10029BEC8 /* Alura ViagensTests.xctest */;
			productType = "com.apple.product-type.bundle.unit-test";
		};
		D1B9200723C799E10029BEC8 /* Alura ViagensUITests */ = {
			isa = PBXNativeTarget;
			buildConfigurationList = D1B9201723C799E20029BEC8 /* Build configuration list for PBXNativeTarget "Alura ViagensUITests" */;
			buildPhases = (
				D1B9200423C799E10029BEC8 /* Sources */,
				D1B9200523C799E10029BEC8 /* Frameworks */,
				D1B9200623C799E10029BEC8 /* Resources */,
			);
			buildRules = (
			);
			dependencies = (
				D1B9200A23C799E10029BEC8 /* PBXTargetDependency */,
			);
			name = "Alura ViagensUITests";
			productName = "Alura ViagensUITests";
			productReference = D1B9200823C799E10029BEC8 /* Alura ViagensUITests.xctest */;
			productType = "com.apple.product-type.bundle.ui-testing";
		};
/* End PBXNativeTarget section */

/* Begin PBXProject section */
		D1B91FDF23C799D50029BEC8 /* Project object */ = {
			isa = PBXProject;
			attributes = {
				LastSwiftUpdateCheck = 1130;
				LastUpgradeCheck = 1130;
				ORGANIZATIONNAME = alura;
				TargetAttributes = {
					D1B91FE623C799D50029BEC8 = {
						CreatedOnToolsVersion = 11.3;
					};
					D1B91FFC23C799E10029BEC8 = {
						CreatedOnToolsVersion = 11.3;
						TestTargetID = D1B91FE623C799D50029BEC8;
					};
					D1B9200723C799E10029BEC8 = {
						CreatedOnToolsVersion = 11.3;
						TestTargetID = D1B91FE623C799D50029BEC8;
					};
				};
			};
			buildConfigurationList = D1B91FE223C799D50029BEC8 /* Build configuration list for PBXProject "Alura Viagens" */;
			compatibilityVersion = "Xcode 9.3";
			developmentRegion = en;
			hasScannedForEncodings = 0;
			knownRegions = (
				en,
				Base,
			);
			mainGroup = D1B91FDE23C799D50029BEC8;
			productRefGroup = D1B91FE823C799D50029BEC8 /* Products */;
			projectDirPath = "";
			projectRoot = "";
			targets = (
				D1B91FE623C799D50029BEC8 /* Alura Viagens */,
				D1B91FFC23C799E10029BEC8 /* Alura ViagensTests */,
				D1B9200723C799E10029BEC8 /* Alura ViagensUITests */,
			);
		};
/* End PBXProject section */

/* Begin PBXResourcesBuildPhase section */
		D1B91FE523C799D50029BEC8 /* Resources */ = {
			isa = PBXResourcesBuildPhase;
			buildActionMask = 2147483647;
			files = (
				D1B91FF723C799E10029BEC8 /* LaunchScreen.storyboard in Resources */,
				D1B91FF423C799E10029BEC8 /* Assets.xcassets in Resources */,
				D1B91FF223C799D60029BEC8 /* Main.storyboard in Resources */,
			);
			runOnlyForDeploymentPostprocessing = 0;
		};
		D1B91FFB23C799E10029BEC8 /* Resources */ = {
			isa = PBXResourcesBuildPhase;
			buildActionMask = 2147483647;
			files = (
			);
			runOnlyForDeploymentPostprocessing = 0;
		};
		D1B9200623C799E10029BEC8 /* Resources */ = {
			isa = PBXResourcesBuildPhase;
			buildActionMask = 2147483647;
			files = (
			);
			runOnlyForDeploymentPostprocessing = 0;
		};
/* End PBXResourcesBuildPhase section */

/* Begin PBXSourcesBuildPhase section */
		D1B91FE323C799D50029BEC8 /* Sources */ = {
			isa = PBXSourcesBuildPhase;
			buildActionMask = 2147483647;
			files = (
				D1B91FEF23C799D50029BEC8 /* ViewController.swift in Sources */,
				D1B91FEB23C799D50029BEC8 /* AppDelegate.swift in Sources */,
				D1B91FED23C799D50029BEC8 /* SceneDelegate.swift in Sources */,
			);
			runOnlyForDeploymentPostprocessing = 0;
		};
		D1B91FF923C799E10029BEC8 /* Sources */ = {
			isa = PBXSourcesBuildPhase;
			buildActionMask = 2147483647;
			files = (
				D1B9200223C799E10029BEC8 /* Alura_ViagensTests.swift in Sources */,
			);
			runOnlyForDeploymentPostprocessing = 0;
		};
		D1B9200423C799E10029BEC8 /* Sources */ = {
			isa = PBXSourcesBuildPhase;
			buildActionMask = 2147483647;
			files = (
				D1B9200D23C799E10029BEC8 /* Alura_ViagensUITests.swift in Sources */,
			);
			runOnlyForDeploymentPostprocessing = 0;
		};
/* End PBXSourcesBuildPhase section */

/* Begin PBXTargetDependency section */
		D1B91FFF23C799E10029BEC8 /* PBXTargetDependency */ = {
			isa = PBXTargetDependency;
			target = D1B91FE623C799D50029BEC8 /* Alura Viagens */;
			targetProxy = D1B91FFE23C799E10029BEC8 /* PBXContainerItemProxy */;
		};
		D1B9200A23C799E10029BEC8 /* PBXTargetDependency */ = {
			isa = PBXTargetDependency;
			target = D1B91FE623C799D50029BEC8 /* Alura Viagens */;
			targetProxy = D1B9200923C799E10029BEC8 /* PBXContainerItemProxy */;
		};
/* End PBXTargetDependency section */

/* Begin PBXVariantGroup section */
		D1B91FF023C799D60029BEC8 /* Main.storyboard */ = {
			isa = PBXVariantGroup;
			children = (
				D1B91FF123C799D60029BEC8 /* Base */,
			);
			name = Main.storyboard;
			sourceTree = "<group>";
		};
		D1B91FF523C799E10029BEC8 /* LaunchScreen.storyboard */ = {
			isa = PBXVariantGroup;
			children = (
				D1B91FF623C799E10029BEC8 /* Base */,
			);
			name = LaunchScreen.storyboard;
			sourceTree = "<group>";
		};
/* End PBXVariantGroup section */

/* Begin XCBuildConfiguration section */
		D1B9200F23C799E20029BEC8 /* Debug */ = {
			isa = XCBuildConfiguration;
			buildSettings = {
				ALWAYS_SEARCH_USER_PATHS = NO;
				CLANG_ANALYZER_NONNULL = YES;
				CLANG_ANALYZER_NUMBER_OBJECT_CONVERSION = YES_AGGRESSIVE;
				CLANG_CXX_LANGUAGE_STANDARD = "gnu++14";
				CLANG_CXX_LIBRARY = "libc++";
				CLANG_ENABLE_MODULES = YES;
				CLANG_ENABLE_OBJC_ARC = YES;
				CLANG_ENABLE_OBJC_WEAK = YES;
				CLANG_WARN_BLOCK_CAPTURE_AUTORELEASING = YES;
				CLANG_WARN_BOOL_CONVERSION = YES;
				CLANG_WARN_COMMA = YES;
				CLANG_WARN_CONSTANT_CONVERSION = YES;
				CLANG_WARN_DEPRECATED_OBJC_IMPLEMENTATIONS = YES;
				CLANG_WARN_DIRECT_OBJC_ISA_USAGE = YES_ERROR;
				CLANG_WARN_DOCUMENTATION_COMMENTS = YES;
				CLANG_WARN_EMPTY_BODY = YES;
				CLANG_WARN_ENUM_CONVERSION = YES;
				CLANG_WARN_INFINITE_RECURSION = YES;
				CLANG_WARN_INT_CONVERSION = YES;
				CLANG_WARN_NON_LITERAL_NULL_CONVERSION = YES;
				CLANG_WARN_OBJC_IMPLICIT_RETAIN_SELF = YES;
				CLANG_WARN_OBJC_LITERAL_CONVERSION = YES;
				CLANG_WARN_OBJC_ROOT_CLASS = YES_ERROR;
				CLANG_WARN_RANGE_LOOP_ANALYSIS = YES;
				CLANG_WARN_STRICT_PROTOTYPES = YES;
				CLANG_WARN_SUSPICIOUS_MOVE = YES;
				CLANG_WARN_UNGUARDED_AVAILABILITY = YES_AGGRESSIVE;
				CLANG_WARN_UNREACHABLE_CODE = YES;
				CLANG_WARN__DUPLICATE_METHOD_MATCH = YES;
				COPY_PHASE_STRIP = NO;
				DEBUG_INFORMATION_FORMAT = dwarf;
				ENABLE_STRICT_OBJC_MSGSEND = YES;
				ENABLE_TESTABILITY = YES;
				GCC_C_LANGUAGE_STANDARD = gnu11;
				GCC_DYNAMIC_NO_PIC = NO;
				GCC_NO_COMMON_BLOCKS = YES;
				GCC_OPTIMIZATION_LEVEL = 0;
				GCC_PREPROCESSOR_DEFINITIONS = (
					"DEBUG=1",
					"$(inherited)",
				);
				GCC_WARN_64_TO_32_BIT_CONVERSION = YES;
				GCC_WARN_ABOUT_RETURN_TYPE = YES_ERROR;
				GCC_WARN_UNDECLARED_SELECTOR = YES;
				GCC_WARN_UNINITIALIZED_AUTOS = YES_AGGRESSIVE;
				GCC_WARN_UNUSED_FUNCTION = YES;
				GCC_WARN_UNUSED_VARIABLE = YES;
				IPHONEOS_DEPLOYMENT_TARGET = 13.2;
				MTL_ENABLE_DEBUG_INFO = INCLUDE_SOURCE;
				MTL_FAST_MATH = YES;
				ONLY_ACTIVE_ARCH = YES;
				SDKROOT = iphoneos;
				SWIFT_ACTIVE_COMPILATION_CONDITIONS = DEBUG;
				SWIFT_OPTIMIZATION_LEVEL = "-Onone";
			};
			name = Debug;
		};
		D1B9201023C799E20029BEC8 /* Release */ = {
			isa = XCBuildConfiguration;
			buildSettings = {
				ALWAYS_SEARCH_USER_PATHS = NO;
				CLANG_ANALYZER_NONNULL = YES;
				CLANG_ANALYZER_NUMBER_OBJECT_CONVERSION = YES_AGGRESSIVE;
				CLANG_CXX_LANGUAGE_STANDARD = "gnu++14";
				CLANG_CXX_LIBRARY = "libc++";
				CLANG_ENABLE_MODULES = YES;
				CLANG_ENABLE_OBJC_ARC = YES;
				CLANG_ENABLE_OBJC_WEAK = YES;
				CLANG_WARN_BLOCK_CAPTURE_AUTORELEASING = YES;
				CLANG_WARN_BOOL_CONVERSION = YES;
				CLANG_WARN_COMMA = YES;
				CLANG_WARN_CONSTANT_CONVERSION = YES;
				CLANG_WARN_DEPRECATED_OBJC_IMPLEMENTATIONS = YES;
				CLANG_WARN_DIRECT_OBJC_ISA_USAGE = YES_ERROR;
				CLANG_WARN_DOCUMENTATION_COMMENTS = YES;
				CLANG_WARN_EMPTY_BODY = YES;
				CLANG_WARN_ENUM_CONVERSION = YES;
				CLANG_WARN_INFINITE_RECURSION = YES;
				CLANG_WARN_INT_CONVERSION = YES;
				CLANG_WARN_NON_LITERAL_NULL_CONVERSION = YES;
				CLANG_WARN_OBJC_IMPLICIT_RETAIN_SELF = YES;
				CLANG_WARN_OBJC_LITERAL_CONVERSION = YES;
				CLANG_WARN_OBJC_ROOT_CLASS = YES_ERROR;
				CLANG_WARN_RANGE_LOOP_ANALYSIS = YES;
				CLANG_WARN_STRICT_PROTOTYPES = YES;
				CLANG_WARN_SUSPICIOUS_MOVE = YES;
				CLANG_WARN_UNGUARDED_AVAILABILITY = YES_AGGRESSIVE;
				CLANG_WARN_UNREACHABLE_CODE = YES;
				CLANG_WARN__DUPLICATE_METHOD_MATCH = YES;
				COPY_PHASE_STRIP = NO;
				DEBUG_INFORMATION_FORMAT = "dwarf-with-dsym";
				ENABLE_NS_ASSERTIONS = NO;
				ENABLE_STRICT_OBJC_MSGSEND = YES;
				GCC_C_LANGUAGE_STANDARD = gnu11;
				GCC_NO_COMMON_BLOCKS = YES;
				GCC_WARN_64_TO_32_BIT_CONVERSION = YES;
				GCC_WARN_ABOUT_RETURN_TYPE = YES_ERROR;
				GCC_WARN_UNDECLARED_SELECTOR = YES;
				GCC_WARN_UNINITIALIZED_AUTOS = YES_AGGRESSIVE;
				GCC_WARN_UNUSED_FUNCTION = YES;
				GCC_WARN_UNUSED_VARIABLE = YES;
				IPHONEOS_DEPLOYMENT_TARGET = 13.2;
				MTL_ENABLE_DEBUG_INFO = NO;
				MTL_FAST_MATH = YES;
				SDKROOT = iphoneos;
				SWIFT_COMPILATION_MODE = wholemodule;
				SWIFT_OPTIMIZATION_LEVEL = "-O";
				VALIDATE_PRODUCT = YES;
			};
			name = Release;
		};
		D1B9201223C799E20029BEC8 /* Debug */ = {
			isa = XCBuildConfiguration;
			buildSettings = {
				ASSETCATALOG_COMPILER_APPICON_NAME = AppIcon;
				CODE_SIGN_STYLE = Automatic;
				INFOPLIST_FILE = "Alura Viagens/Info.plist";
				LD_RUNPATH_SEARCH_PATHS = (
					"$(inherited)",
					"@executable_path/Frameworks",
				);
				PRODUCT_BUNDLE_IDENTIFIER = "alura.Alura-Viagens";
				PRODUCT_NAME = "$(TARGET_NAME)";
				SWIFT_VERSION = 5.0;
				TARGETED_DEVICE_FAMILY = "1,2";
			};
			name = Debug;
		};
		D1B9201323C799E20029BEC8 /* Release */ = {
			isa = XCBuildConfiguration;
			buildSettings = {
				ASSETCATALOG_COMPILER_APPICON_NAME = AppIcon;
				CODE_SIGN_STYLE = Automatic;
				INFOPLIST_FILE = "Alura Viagens/Info.plist";
				LD_RUNPATH_SEARCH_PATHS = (
					"$(inherited)",
					"@executable_path/Frameworks",
				);
				PRODUCT_BUNDLE_IDENTIFIER = "alura.Alura-Viagens";
				PRODUCT_NAME = "$(TARGET_NAME)";
				SWIFT_VERSION = 5.0;
				TARGETED_DEVICE_FAMILY = "1,2";
			};
			name = Release;
		};
		D1B9201523C799E20029BEC8 /* Debug */ = {
			isa = XCBuildConfiguration;
			buildSettings = {
				ALWAYS_EMBED_SWIFT_STANDARD_LIBRARIES = YES;
				BUNDLE_LOADER = "$(TEST_HOST)";
				CODE_SIGN_STYLE = Automatic;
				INFOPLIST_FILE = "Alura ViagensTests/Info.plist";
				IPHONEOS_DEPLOYMENT_TARGET = 13.2;
				LD_RUNPATH_SEARCH_PATHS = (
					"$(inherited)",
					"@executable_path/Frameworks",
					"@loader_path/Frameworks",
				);
				PRODUCT_BUNDLE_IDENTIFIER = "alura.Alura-ViagensTests";
				PRODUCT_NAME = "$(TARGET_NAME)";
				SWIFT_VERSION = 5.0;
				TARGETED_DEVICE_FAMILY = "1,2";
				TEST_HOST = "$(BUILT_PRODUCTS_DIR)/Alura Viagens.app/Alura Viagens";
			};
			name = Debug;
		};
		D1B9201623C799E20029BEC8 /* Release */ = {
			isa = XCBuildConfiguration;
			buildSettings = {
				ALWAYS_EMBED_SWIFT_STANDARD_LIBRARIES = YES;
				BUNDLE_LOADER = "$(TEST_HOST)";
				CODE_SIGN_STYLE = Automatic;
				INFOPLIST_FILE = "Alura ViagensTests/Info.plist";
				IPHONEOS_DEPLOYMENT_TARGET = 13.2;
				LD_RUNPATH_SEARCH_PATHS = (
					"$(inherited)",
					"@executable_path/Frameworks",
					"@loader_path/Frameworks",
				);
				PRODUCT_BUNDLE_IDENTIFIER = "alura.Alura-ViagensTests";
				PRODUCT_NAME = "$(TARGET_NAME)";
				SWIFT_VERSION = 5.0;
				TARGETED_DEVICE_FAMILY = "1,2";
				TEST_HOST = "$(BUILT_PRODUCTS_DIR)/Alura Viagens.app/Alura Viagens";
			};
			name = Release;
		};
		D1B9201823C799E20029BEC8 /* Debug */ = {
			isa = XCBuildConfiguration;
			buildSettings = {
				ALWAYS_EMBED_SWIFT_STANDARD_LIBRARIES = YES;
				CODE_SIGN_STYLE = Automatic;
				INFOPLIST_FILE = "Alura ViagensUITests/Info.plist";
				LD_RUNPATH_SEARCH_PATHS = (
					"$(inherited)",
					"@executable_path/Frameworks",
					"@loader_path/Frameworks",
				);
				PRODUCT_BUNDLE_IDENTIFIER = "alura.Alura-ViagensUITests";
				PRODUCT_NAME = "$(TARGET_NAME)";
				SWIFT_VERSION = 5.0;
				TARGETED_DEVICE_FAMILY = "1,2";
				TEST_TARGET_NAME = "Alura Viagens";
			};
			name = Debug;
		};
		D1B9201923C799E20029BEC8 /* Release */ = {
			isa = XCBuildConfiguration;
			buildSettings = {
				ALWAYS_EMBED_SWIFT_STANDARD_LIBRARIES = YES;
				CODE_SIGN_STYLE = Automatic;
				INFOPLIST_FILE = "Alura ViagensUITests/Info.plist";
				LD_RUNPATH_SEARCH_PATHS = (
					"$(inherited)",
					"@executable_path/Frameworks",
					"@loader_path/Frameworks",
				);
				PRODUCT_BUNDLE_IDENTIFIER = "alura.Alura-ViagensUITests";
				PRODUCT_NAME = "$(TARGET_NAME)";
				SWIFT_VERSION = 5.0;
				TARGETED_DEVICE_FAMILY = "1,2";
				TEST_TARGET_NAME = "Alura Viagens";
			};
			name = Release;
		};
/* End XCBuildConfiguration section */

/* Begin XCConfigurationList section */
		D1B91FE223C799D50029BEC8 /* Build configuration list for PBXProject "Alura Viagens" */ = {
			isa = XCConfigurationList;
			buildConfigurations = (
				D1B9200F23C799E20029BEC8 /* Debug */,
				D1B9201023C799E20029BEC8 /* Release */,
			);
			defaultConfigurationIsVisible = 0;
			defaultConfigurationName = Release;
		};
		D1B9201123C799E20029BEC8 /* Build configuration list for PBXNativeTarget "Alura Viagens" */ = {
			isa = XCConfigurationList;
			buildConfigurations = (
				D1B9201223C799E20029BEC8 /* Debug */,
				D1B9201323C799E20029BEC8 /* Release */,
			);
			defaultConfigurationIsVisible = 0;
			defaultConfigurationName = Release;
		};
		D1B9201423C799E20029BEC8 /* Build configuration list for PBXNativeTarget "Alura ViagensTests" */ = {
			isa = XCConfigurationList;
			buildConfigurations = (
				D1B9201523C799E20029BEC8 /* Debug */,
				D1B9201623C799E20029BEC8 /* Release */,
			);
			defaultConfigurationIsVisible = 0;
			defaultConfigurationName = Release;
		};
		D1B9201723C799E20029BEC8 /* Build configuration list for PBXNativeTarget "Alura ViagensUITests" */ = {
			isa = XCConfigurationList;
			buildConfigurations = (
				D1B9201823C799E20029BEC8 /* Debug */,
				D1B9201923C799E20029BEC8 /* Release */,
			);
			defaultConfigurationIsVisible = 0;
			defaultConfigurationName = Release;
		};
/* End XCConfigurationList section */
	};
	rootObject = D1B91FDF23C799D50029BEC8 /* Project object */;
}
